
Microsoft Visual Studio Solution File, Format Version 12.00
# Visual Studio 15
VisualStudioVersion = 15.0.27703.2035
MinimumVisualStudioVersion = 10.0.40219.1
Project("{FAE04EC0-301F-11D3-BF4B-00C04F79EFBC}") = "AbstractFactoryMethod", "AbstractFactoryMethod\AbstractFactoryMethod.csproj", "{95EBD117-0F35-40E9-9342-DC62D08AB572}"
EndProject
Global
	GlobalSection(SolutionConfigurationPlatforms) = preSolution
		Debug|Any CPU = Debug|Any CPU
		Release|Any CPU = Release|Any CPU
	EndGlobalSection
	GlobalSection(ProjectConfigurationPlatforms) = postSolution
		{95EBD117-0F35-40E9-9342-DC62D08AB572}.Debug|Any CPU.ActiveCfg = Debug|Any CPU
		{95EBD117-0F35-40E9-9342-DC62D08AB572}.Debug|Any CPU.Build.0 = Debug|Any CPU
		{95EBD117-0F35-40E9-9342-DC62D08AB572}.Release|Any CPU.ActiveCfg = Release|Any CPU
		{95EBD117-0F35-40E9-9342-DC62D08AB572}.Release|Any CPU.Build.0 = Release|Any CPU
	EndGlobalSection
	GlobalSection(SolutionProperties) = preSolution
		HideSolutionNode = FALSE
	EndGlobalSection
	GlobalSection(ExtensibilityGlobals) = postSolution
		SolutionGuid = {EA8C1908-4271-4FB4-BBB7-C02EBFDDB61A}
	EndGlobalSection
EndGlobal
